
Microsoft Visual Studio Solution File, Format Version 12.00
# Visual Studio 2012
Project("{FAE04EC0-301F-11D3-BF4B-00C04F79EFBC}") = "Atsumeru", "Atsumeru\Atsumeru.csproj", "{9F4A0556-3CC0-4BF0-8147-5E7E3E531194}"
EndProject
Global
	GlobalSection(SolutionConfigurationPlatforms) = preSolution
		Debug|Any CPU = Debug|Any CPU
		Release|Any CPU = Release|Any CPU
	EndGlobalSection
	GlobalSection(ProjectConfigurationPlatforms) = postSolution
		{9F4A0556-3CC0-4BF0-8147-5E7E3E531194}.Debug|Any CPU.ActiveCfg = Debug|Any CPU
		{9F4A0556-3CC0-4BF0-8147-5E7E3E531194}.Debug|Any CPU.Build.0 = Debug|Any CPU
		{9F4A0556-3CC0-4BF0-8147-5E7E3E531194}.Release|Any CPU.ActiveCfg = Release|Any CPU
		{9F4A0556-3CC0-4BF0-8147-5E7E3E531194}.Release|Any CPU.Build.0 = Release|Any CPU
	EndGlobalSection
	GlobalSection(SolutionProperties) = preSolution
		HideSolutionNode = FALSE
	EndGlobalSection
EndGlobal
